
Microsoft Visual Studio Solution File, Format Version 12.00
# Visual Studio Version 17
VisualStudioVersion = 17.5.33414.496
MinimumVisualStudioVersion = 10.0.40219.1
Project("{FAE04EC0-301F-11D3-BF4B-00C04F79EFBC}") = "WebApiCrud", "WebApiCrud.csproj", "{51E1B342-89A4-4EDA-8672-2B259BE97574}"
EndProject
Global
	GlobalSection(SolutionConfigurationPlatforms) = preSolution
		Debug|Any CPU = Debug|Any CPU
		Release|Any CPU = Release|Any CPU
	EndGlobalSection
	GlobalSection(ProjectConfigurationPlatforms) = postSolution
		{51E1B342-89A4-4EDA-8672-2B259BE97574}.Debug|Any CPU.ActiveCfg = Debug|Any CPU
		{51E1B342-89A4-4EDA-8672-2B259BE97574}.Debug|Any CPU.Build.0 = Debug|Any CPU
		{51E1B342-89A4-4EDA-8672-2B259BE97574}.Release|Any CPU.ActiveCfg = Release|Any CPU
		{51E1B342-89A4-4EDA-8672-2B259BE97574}.Release|Any CPU.Build.0 = Release|Any CPU
	EndGlobalSection
	GlobalSection(SolutionProperties) = preSolution
		HideSolutionNode = FALSE
	EndGlobalSection
	GlobalSection(ExtensibilityGlobals) = postSolution
		SolutionGuid = {2FD46576-74BB-4AC8-9A57-25186BA6E1AC}
	EndGlobalSection
EndGlobal
